<?xml version="1.0" encoding="utf-8"?>
<Project ToolsVersion="4.0" xmlns="http://schemas.microsoft.com/developer/msbuild/2003">
  <ItemGroup>
    <Filter Include="Fichiers sources">
      <UniqueIdentifier>{4FC737F1-C7A5-4376-A066-2A32D752A2FF}</UniqueIdentifier>
      <Extensions>cpp;c;cc;cxx;def;odl;idl;hpj;bat;asm;asmx</Extensions>
    </Filter>
    <Filter Include="Fichiers d%27en-tête">
      <UniqueIdentifier>{93995380-89BD-4b04-88EB-625FBE52EBFB}</UniqueIdentifier>
      <Extensions>h;hpp;hxx;hm;inl;inc;xsd</Extensions>
    </Filter>
    <Filter Include="Fichiers de ressources">
      <UniqueIdentifier>{67DA6AB6-F800-4c08-8B7A-83BB121AAD01}</UniqueIdentifier>
      <Extensions>rc;ico;cur;bmp;dlg;rc2;rct;bin;rgs;gif;jpg;jpeg;jpe;resx;tiff;tif;png;wav;mfcribbon-ms</Extensions>
    </Filter>
    <Filter Include="Fichiers de ressources\Backgrounds">
      <UniqueIdentifier>{0a804482-a127-46d6-8ad4-f1324b9681c0}</UniqueIdentifier>
    </Filter>
    <Filter Include="Fichiers de ressources\Overlays">
      <UniqueIdentifier>{a8194317-c46a-42e1-9e15-0eef02eeb038}</UniqueIdentifier>
    </Filter>
    <Filter Include="Fichiers de ressources\Sounds">
      <UniqueIdentifier>{867c118b-e598-4bac-b60a-5e28940323b4}</UniqueIdentifier>
    </Filter>
    <Filter Include="Fichiers de ressources\Sprites">
      <UniqueIdentifier>{c04940f4-7bdb-4658-b7e6-206edc5404bd}</UniqueIdentifier>
    </Filter>
    <Filter Include="Fichiers de ressources\Tiles">
      <UniqueIdentifier>{d30494d1-0ee3-4035-be38-b1d26344d6a7}</UniqueIdentifier>
    </Filter>
    <Filter Include="Fichiers de ressources\Fonts">
      <UniqueIdentifier>{06a33a8c-a3e0-4650-b3b3-dfbadaaae40b}</UniqueIdentifier>
    </Filter>
  </ItemGroup>
  <ItemGroup>
    <ClCompile Include="Main.cpp">
      <Filter>Fichiers sources</Filter>
    </ClCompile>
    <ClCompile Include="Game.cpp">
      <Filter>Fichiers sources</Filter>
    </ClCompile>
  </ItemGroup>
  <ItemGroup>
    <ClInclude Include="Game.h">
      <Filter>Fichiers d%27en-tête</Filter>
    </ClInclude>
  </ItemGroup>
</Project>